
Microsoft Visual Studio Solution File, Format Version 11.00
# Visual Studio 2010
Project("{FAE04EC0-301F-11D3-BF4B-00C04F79EFBC}") = "SoundandVisionPrototype", "Assembly-CSharp-firstpass.csproj", "{4F79EF14-FCBE-4980-CCBC-5A56C679E156}"
EndProject
Project("{FAE04EC0-301F-11D3-BF4B-00C04F79EFBC}") = "SoundandVisionPrototype", "Assembly-CSharp.csproj", "{66CFA71D-E05E-8EC5-ADA2-531B7487063E}"
EndProject
Project("{FAE04EC0-301F-11D3-BF4B-00C04F79EFBC}") = "SoundandVisionPrototype", "Assembly-CSharp-Editor-firstpass.csproj", "{1316F955-BE3A-2768-E416-6D4B6BF9B1D4}"
EndProject
Project("{FAE04EC0-301F-11D3-BF4B-00C04F79EFBC}") = "SoundandVisionPrototype", "Assembly-CSharp-Editor.csproj", "{D033E92C-C3EA-DB04-7E89-794A6E963F84}"
EndProject
Global
	GlobalSection(SolutionConfigurationPlatforms) = preSolution
		Debug|Any CPU = Debug|Any CPU
		Release|Any CPU = Release|Any CPU
	EndGlobalSection
	GlobalSection(ProjectConfigurationPlatforms) = postSolution
		{4F79EF14-FCBE-4980-CCBC-5A56C679E156}.Debug|Any CPU.ActiveCfg = Debug|Any CPU
		{4F79EF14-FCBE-4980-CCBC-5A56C679E156}.Debug|Any CPU.Build.0 = Debug|Any CPU
		{4F79EF14-FCBE-4980-CCBC-5A56C679E156}.Release|Any CPU.ActiveCfg = Release|Any CPU
		{4F79EF14-FCBE-4980-CCBC-5A56C679E156}.Release|Any CPU.Build.0 = Release|Any CPU
		{66CFA71D-E05E-8EC5-ADA2-531B7487063E}.Debug|Any CPU.ActiveCfg = Debug|Any CPU
		{66CFA71D-E05E-8EC5-ADA2-531B7487063E}.Debug|Any CPU.Build.0 = Debug|Any CPU
		{66CFA71D-E05E-8EC5-ADA2-531B7487063E}.Release|Any CPU.ActiveCfg = Release|Any CPU
		{66CFA71D-E05E-8EC5-ADA2-531B7487063E}.Release|Any CPU.Build.0 = Release|Any CPU
		{1316F955-BE3A-2768-E416-6D4B6BF9B1D4}.Debug|Any CPU.ActiveCfg = Debug|Any CPU
		{1316F955-BE3A-2768-E416-6D4B6BF9B1D4}.Debug|Any CPU.Build.0 = Debug|Any CPU
		{1316F955-BE3A-2768-E416-6D4B6BF9B1D4}.Release|Any CPU.ActiveCfg = Release|Any CPU
		{1316F955-BE3A-2768-E416-6D4B6BF9B1D4}.Release|Any CPU.Build.0 = Release|Any CPU
		{D033E92C-C3EA-DB04-7E89-794A6E963F84}.Debug|Any CPU.ActiveCfg = Debug|Any CPU
		{D033E92C-C3EA-DB04-7E89-794A6E963F84}.Debug|Any CPU.Build.0 = Debug|Any CPU
		{D033E92C-C3EA-DB04-7E89-794A6E963F84}.Release|Any CPU.ActiveCfg = Release|Any CPU
		{D033E92C-C3EA-DB04-7E89-794A6E963F84}.Release|Any CPU.Build.0 = Release|Any CPU
	EndGlobalSection
	GlobalSection(SolutionProperties) = preSolution
		HideSolutionNode = FALSE
	EndGlobalSection
	GlobalSection(MonoDevelopProperties) = preSolution
		StartupItem = Assembly-CSharp.csproj
	EndGlobalSection
EndGlobal
